
Microsoft Visual Studio Solution File, Format Version 12.00
# Visual Studio Version 16
VisualStudioVersion = 16.0.29609.76
MinimumVisualStudioVersion = 10.0.40219.1
Project("{FAE04EC0-301F-11D3-BF4B-00C04F79EFBC}") = "在线选课系统", "在线选课系统.csproj", "{0021E00B-B069-4523-998A-DE32587B655B}"
EndProject
Global
	GlobalSection(SolutionConfigurationPlatforms) = preSolution
		Debug|Any CPU = Debug|Any CPU
		Release|Any CPU = Release|Any CPU
	EndGlobalSection
	GlobalSection(ProjectConfigurationPlatforms) = postSolution
		{0021E00B-B069-4523-998A-DE32587B655B}.Debug|Any CPU.ActiveCfg = Debug|Any CPU
		{0021E00B-B069-4523-998A-DE32587B655B}.Debug|Any CPU.Build.0 = Debug|Any CPU
		{0021E00B-B069-4523-998A-DE32587B655B}.Release|Any CPU.ActiveCfg = Release|Any CPU
		{0021E00B-B069-4523-998A-DE32587B655B}.Release|Any CPU.Build.0 = Release|Any CPU
	EndGlobalSection
	GlobalSection(SolutionProperties) = preSolution
		HideSolutionNode = FALSE
	EndGlobalSection
	GlobalSection(ExtensibilityGlobals) = postSolution
		SolutionGuid = {1A8D0DBA-7D26-4073-90AA-D2B7BB10CB3A}
	EndGlobalSection
EndGlobal
